
Microsoft Visual Studio Solution File, Format Version 12.00
# Visual Studio Version 16
VisualStudioVersion = 16.0.29403.142
MinimumVisualStudioVersion = 10.0.40219.1
Project("{FAE04EC0-301F-11D3-BF4B-00C04F79EFBC}") = "Week6Ex5", "Week6Ex5.csproj", "{B2AD0340-B566-4366-A475-62B5085F6488}"
EndProject
Global
	GlobalSection(SolutionConfigurationPlatforms) = preSolution
		Debug|Any CPU = Debug|Any CPU
		Release|Any CPU = Release|Any CPU
	EndGlobalSection
	GlobalSection(ProjectConfigurationPlatforms) = postSolution
		{B2AD0340-B566-4366-A475-62B5085F6488}.Debug|Any CPU.ActiveCfg = Debug|Any CPU
		{B2AD0340-B566-4366-A475-62B5085F6488}.Debug|Any CPU.Build.0 = Debug|Any CPU
		{B2AD0340-B566-4366-A475-62B5085F6488}.Release|Any CPU.ActiveCfg = Release|Any CPU
		{B2AD0340-B566-4366-A475-62B5085F6488}.Release|Any CPU.Build.0 = Release|Any CPU
	EndGlobalSection
	GlobalSection(SolutionProperties) = preSolution
		HideSolutionNode = FALSE
	EndGlobalSection
	GlobalSection(ExtensibilityGlobals) = postSolution
		SolutionGuid = {A9506E5B-80AB-4098-B994-BB5DE6DB4753}
	EndGlobalSection
EndGlobal
